
Microsoft Visual Studio Solution File, Format Version 12.00
# Visual Studio Version 16
VisualStudioVersion = 16.0.30517.126
MinimumVisualStudioVersion = 10.0.40219.1
Project("{FAE04EC0-301F-11D3-BF4B-00C04F79EFBC}") = "Vectors.Lib", "Vectors.Lib\Vectors.Lib.csproj", "{1EC196BB-6185-4CC1-BC0D-25819E89E711}"
EndProject
Project("{FAE04EC0-301F-11D3-BF4B-00C04F79EFBC}") = "Vectors.Test", "Vectors.Test\Vectors.Test.csproj", "{8DCE826D-23CE-4062-AB59-2E930D2EA970}"
EndProject
Global
	GlobalSection(SolutionConfigurationPlatforms) = preSolution
		Debug|Any CPU = Debug|Any CPU
		Release|Any CPU = Release|Any CPU
	EndGlobalSection
	GlobalSection(ProjectConfigurationPlatforms) = postSolution
		{1EC196BB-6185-4CC1-BC0D-25819E89E711}.Debug|Any CPU.ActiveCfg = Debug|Any CPU
		{1EC196BB-6185-4CC1-BC0D-25819E89E711}.Debug|Any CPU.Build.0 = Debug|Any CPU
		{1EC196BB-6185-4CC1-BC0D-25819E89E711}.Release|Any CPU.ActiveCfg = Release|Any CPU
		{1EC196BB-6185-4CC1-BC0D-25819E89E711}.Release|Any CPU.Build.0 = Release|Any CPU
		{8DCE826D-23CE-4062-AB59-2E930D2EA970}.Debug|Any CPU.ActiveCfg = Debug|Any CPU
		{8DCE826D-23CE-4062-AB59-2E930D2EA970}.Debug|Any CPU.Build.0 = Debug|Any CPU
		{8DCE826D-23CE-4062-AB59-2E930D2EA970}.Release|Any CPU.ActiveCfg = Release|Any CPU
		{8DCE826D-23CE-4062-AB59-2E930D2EA970}.Release|Any CPU.Build.0 = Release|Any CPU
	EndGlobalSection
	GlobalSection(SolutionProperties) = preSolution
		HideSolutionNode = FALSE
	EndGlobalSection
	GlobalSection(ExtensibilityGlobals) = postSolution
		SolutionGuid = {2A88F157-0369-4B47-ADB1-1ECBFEB83C10}
	EndGlobalSection
EndGlobal
